<?xml version="1.0" encoding="utf-8"?>
<Project ToolsVersion="4.0" xmlns="http://schemas.microsoft.com/developer/msbuild/2003">
  <ItemGroup>
    <Filter Include="Source Files">
      <UniqueIdentifier>{6ecd56b4-15e2-493b-a11e-5fb505473efb}</UniqueIdentifier>
      <Extensions>cpp;c;cxx;rc;def;r;odl;idl;hpj;bat</Extensions>
    </Filter>
    <Filter Include="Header Files">
      <UniqueIdentifier>{8281c953-f439-49c4-b4dc-c027a9a01c58}</UniqueIdentifier>
      <Extensions>h;hpp;hxx;hm;inl</Extensions>
    </Filter>
    <Filter Include="Resource Files">
      <UniqueIdentifier>{fd9980df-e811-4c3c-80e8-58926f657581}</UniqueIdentifier>
      <Extensions>ico;cur;bmp;dlg;rc2;rct;bin;cnt;rtf;gif;jpg;jpeg;jpe</Extensions>
    </Filter>
    <Filter Include="HTML Help Topics">
      <UniqueIdentifier>{e40835d5-5233-4391-abba-86d959fd8b10}</UniqueIdentifier>
      <Extensions>htm;html</Extensions>
    </Filter>
  </ItemGroup>
  <ItemGroup>
    <ClCompile Include="accountingvf.cpp">
      <Filter>Source Files</Filter>
    </ClCompile>
    <ClCompile Include="actionmap.cpp">
      <Filter>Source Files</Filter>
    </ClCompile>
    <ClCompile Include="actionmapcollection.cpp">
      <Filter>Source Files</Filter>
    </ClCompile>
    <ClCompile Include="ActionPage.cpp">
      <Filter>Source Files</Filter>
    </ClCompile>
    <ClCompile Include="Adult.cpp">
      <Filter>Source Files</Filter>
    </ClCompile>
    <ClCompile Include="axis.cpp">
      <Filter>Source Files</Filter>
    </ClCompile>
    <ClCompile Include="axiscollection.cpp">
      <Filter>Source Files</Filter>
    </ClCompile>
    <ClCompile Include="axisstyle.cpp">
      <Filter>Source Files</Filter>
    </ClCompile>
    <ClCompile Include="bar.cpp">
      <Filter>Source Files</Filter>
    </ClCompile>
    <ClCompile Include="Bee.cpp">
      <Filter>Source Files</Filter>
    </ClCompile>
    <ClCompile Include="border.cpp">
      <Filter>Source Files</Filter>
    </ClCompile>
    <ClCompile Include="Brood.cpp">
      <Filter>Source Files</Filter>
    </ClCompile>
    <ClCompile Include="bubble.cpp">
      <Filter>Source Files</Filter>
    </ClCompile>
    <ClCompile Include="candle.cpp">
      <Filter>Source Files</Filter>
    </ClCompile>
    <ClCompile Include="chart2d.cpp">
      <Filter>Source Files</Filter>
    </ClCompile>
    <ClCompile Include="chart2dchecknewpointsresult.cpp">
      <Filter>Source Files</Filter>
    </ClCompile>
    <ClCompile Include="chart2dcoordresult.cpp">
      <Filter>Source Files</Filter>
    </ClCompile>
    <ClCompile Include="chart2ddata.cpp">
      <Filter>Source Files</Filter>
    </ClCompile>
    <ClCompile Include="chart2ddatacoordresult.cpp">
      <Filter>Source Files</Filter>
    </ClCompile>
    <ClCompile Include="chart2ddataindexresult.cpp">
      <Filter>Source Files</Filter>
    </ClCompile>
    <ClCompile Include="chartarea.cpp">
      <Filter>Source Files</Filter>
    </ClCompile>
    <ClCompile Include="chartgroup.cpp">
      <Filter>Source Files</Filter>
    </ClCompile>
    <ClCompile Include="chartgroupcollection.cpp">
      <Filter>Source Files</Filter>
    </ClCompile>
    <ClCompile Include="chartlabel.cpp">
      <Filter>Source Files</Filter>
    </ClCompile>
    <ClCompile Include="chartlabelcollection.cpp">
      <Filter>Source Files</Filter>
    </ClCompile>
    <ClCompile Include="chartstyle.cpp">
      <Filter>Source Files</Filter>
    </ClCompile>
    <ClCompile Include="chartstylecollection.cpp">
      <Filter>Source Files</Filter>
    </ClCompile>
    <ClCompile Include="Colony.cpp">
      <Filter>Source Files</Filter>
    </ClCompile>
    <ClCompile Include="ColonyDataPage.cpp">
      <Filter>Source Files</Filter>
    </ClCompile>
    <ClCompile Include="ColonyResource.cpp">
      <Filter>Source Files</Filter>
    </ClCompile>
    <ClCompile Include="CombRemDlg.cpp">
      <Filter>Source Files</Filter>
    </ClCompile>
    <ClCompile Include="coord.cpp">
      <Filter>Source Files</Filter>
    </ClCompile>
    <ClCompile Include="CreateWeatherHdr.cpp">
      <Filter>Source Files</Filter>
    </ClCompile>
    <ClCompile Include="currencyvf.cpp">
      <Filter>Source Files</Filter>
    </ClCompile>
    <ClCompile Include="datacoord.cpp">
      <Filter>Source Files</Filter>
    </ClCompile>
    <ClCompile Include="dataindex.cpp">
      <Filter>Source Files</Filter>
    </ClCompile>
    <ClCompile Include="DateBasedData.cpp">
      <Filter>Source Files</Filter>
    </ClCompile>
    <ClCompile Include="DateRangeValues.cpp">
      <Filter>Source Files</Filter>
    </ClCompile>
    <ClCompile Include="derivedboolean.cpp">
      <Filter>Source Files</Filter>
    </ClCompile>
    <ClCompile Include="deriveddouble.cpp">
      <Filter>Source Files</Filter>
    </ClCompile>
    <ClCompile Include="derivedenum.cpp">
      <Filter>Source Files</Filter>
    </ClCompile>
    <ClCompile Include="derivedlong.cpp">
      <Filter>Source Files</Filter>
    </ClCompile>
    <ClCompile Include="derivedstring.cpp">
      <Filter>Source Files</Filter>
    </ClCompile>
    <ClCompile Include="Egg.cpp">
      <Filter>Source Files</Filter>
    </ClCompile>
    <ClCompile Include="EPAData.cpp">
      <Filter>Source Files</Filter>
    </ClCompile>
    <ClCompile Include="EPAPage.cpp">
      <Filter>Source Files</Filter>
    </ClCompile>
    <ClCompile Include="fillstyle.cpp">
      <Filter>Source Files</Filter>
    </ClCompile>
    <ClCompile Include="font.cpp">
      <Filter>Source Files</Filter>
    </ClCompile>
    <ClCompile Include="fractionvf.cpp">
      <Filter>Source Files</Filter>
    </ClCompile>
    <ClCompile Include="GridCell.cpp">
      <Filter>Source Files</Filter>
    </ClCompile>
    <ClCompile Include="GridCellBase.cpp">
      <Filter>Source Files</Filter>
    </ClCompile>
    <ClCompile Include="GridCellCheck.cpp">
      <Filter>Source Files</Filter>
    </ClCompile>
    <ClCompile Include="GridCellCombo.cpp">
      <Filter>Source Files</Filter>
    </ClCompile>
    <ClCompile Include="GridCellDateTime.cpp">
      <Filter>Source Files</Filter>
    </ClCompile>
    <ClCompile Include="GridCellNumeric.cpp">
      <Filter>Source Files</Filter>
    </ClCompile>
    <ClCompile Include="GridCtrl.cpp">
      <Filter>Source Files</Filter>
    </ClCompile>
    <ClCompile Include="GridDropTarget.cpp">
      <Filter>Source Files</Filter>
    </ClCompile>
    <ClCompile Include="gridlines.cpp">
      <Filter>Source Files</Filter>
    </ClCompile>
    <ClCompile Include="hiloopenclose.cpp">
      <Filter>Source Files</Filter>
    </ClCompile>
    <ClCompile Include="image.cpp">
      <Filter>Source Files</Filter>
    </ClCompile>
    <ClCompile Include="ImmigrationDlg.cpp">
      <Filter>Source Files</Filter>
    </ClCompile>
    <ClCompile Include="InPlaceEdit.cpp">
      <Filter>Source Files</Filter>
    </ClCompile>
    <ClCompile Include="interior.cpp">
      <Filter>Source Files</Filter>
    </ClCompile>
    <ClCompile Include="label.cpp">
      <Filter>Source Files</Filter>
    </ClCompile>
    <ClCompile Include="labelcollection.cpp">
      <Filter>Source Files</Filter>
    </ClCompile>
    <ClCompile Include="Larva.cpp">
      <Filter>Source Files</Filter>
    </ClCompile>
    <ClCompile Include="legend.cpp">
      <Filter>Source Files</Filter>
    </ClCompile>
    <ClCompile Include="linestyle.cpp">
      <Filter>Source Files</Filter>
    </ClCompile>
    <ClCompile Include="location.cpp">
      <Filter>Source Files</Filter>
    </ClCompile>
    <ClCompile Include="MainFrm.cpp">
      <Filter>Source Files</Filter>
    </ClCompile>
    <ClCompile Include="marker.cpp">
      <Filter>Source Files</Filter>
    </ClCompile>
    <ClCompile Include="markercollection.cpp">
      <Filter>Source Files</Filter>
    </ClCompile>
    <ClCompile Include="Matrix.cpp">
      <Filter>Source Files</Filter>
    </ClCompile>
    <ClCompile Include="Mite.cpp">
      <Filter>Source Files</Filter>
    </ClCompile>
    <ClCompile Include="MiteTreatmentItem.cpp">
      <Filter>Source Files</Filter>
    </ClCompile>
    <ClCompile Include="MiteTreatments.cpp">
      <Filter>Source Files</Filter>
    </ClCompile>
    <ClCompile Include="MyListCtrl.cpp">
      <Filter>Source Files</Filter>
    </ClCompile>
    <ClCompile Include="MyPropSheet.cpp">
      <Filter>Source Files</Filter>
    </ClCompile>
    <ClCompile Include="numbervf.cpp">
      <Filter>Source Files</Filter>
    </ClCompile>
    <ClCompile Include="NutrientContaminationTable.cpp">
      <Filter>Source Files</Filter>
    </ClCompile>
    <ClCompile Include="OlectraGraphDlg.cpp">
      <Filter>Source Files</Filter>
    </ClCompile>
    <ClCompile Include="Options.cpp">
      <Filter>Source Files</Filter>
    </ClCompile>
    <ClCompile Include="percentagevf.cpp">
      <Filter>Source Files</Filter>
    </ClCompile>
    <ClCompile Include="PesticideAdd.cpp">
      <Filter>Source Files</Filter>
    </ClCompile>
    <ClCompile Include="PesticideEvents.cpp">
      <Filter>Source Files</Filter>
    </ClCompile>
    <ClCompile Include="pie.cpp">
      <Filter>Source Files</Filter>
    </ClCompile>
    <ClCompile Include="plotarea.cpp">
      <Filter>Source Files</Filter>
    </ClCompile>
    <ClCompile Include="pointstylecollection.cpp">
      <Filter>Source Files</Filter>
    </ClCompile>
    <ClCompile Include="polar.cpp">
      <Filter>Source Files</Filter>
    </ClCompile>
    <ClCompile Include="Queen.cpp">
      <Filter>Source Files</Filter>
    </ClCompile>
    <ClCompile Include="ResourcePage.cpp">
      <Filter>Source Files</Filter>
    </ClCompile>
    <ClCompile Include="scientificvf.cpp">
      <Filter>Source Files</Filter>
    </ClCompile>
    <ClCompile Include="SelGraph.cpp">
      <Filter>Source Files</Filter>
    </ClCompile>
    <ClCompile Include="SimulationPage.cpp">
      <Filter>Source Files</Filter>
    </ClCompile>
    <ClCompile Include="slicestyle.cpp">
      <Filter>Source Files</Filter>
    </ClCompile>
    <ClCompile Include="SpanValue.cpp">
      <Filter>Source Files</Filter>
    </ClCompile>
    <ClCompile Include="Spores.cpp">
      <Filter>Source Files</Filter>
    </ClCompile>
    <ClCompile Include="StdAfx.cpp">
      <Filter>Source Files</Filter>
    </ClCompile>
    <ClCompile Include="stringcollection.cpp">
      <Filter>Source Files</Filter>
    </ClCompile>
    <ClCompile Include="symbolstyle.cpp">
      <Filter>Source Files</Filter>
    </ClCompile>
    <ClCompile Include="timescale.cpp">
      <Filter>Source Files</Filter>
    </ClCompile>
    <ClCompile Include="title.cpp">
      <Filter>Source Files</Filter>
    </ClCompile>
    <ClCompile Include="TitleTip.cpp">
      <Filter>Source Files</Filter>
    </ClCompile>
    <ClCompile Include="valueformat.cpp">
      <Filter>Source Files</Filter>
    </ClCompile>
    <ClCompile Include="valuelabel.cpp">
      <Filter>Source Files</Filter>
    </ClCompile>
    <ClCompile Include="valuelabelcollection.cpp">
      <Filter>Source Files</Filter>
    </ClCompile>
    <ClCompile Include="VarroaPop.cpp">
      <Filter>Source Files</Filter>
    </ClCompile>
    <ClCompile Include="VarroaPopDoc.cpp">
      <Filter>Source Files</Filter>
    </ClCompile>
    <ClCompile Include="VarroaPopView.cpp">
      <Filter>Source Files</Filter>
    </ClCompile>
    <ClCompile Include="view3d.cpp">
      <Filter>Source Files</Filter>
    </ClCompile>
    <ClCompile Include="VPCommandLineInfo.cpp">
      <Filter>Source Files</Filter>
    </ClCompile>
    <ClCompile Include="WeatherEditor.cpp">
      <Filter>Source Files</Filter>
    </ClCompile>
    <ClCompile Include="WeatherEvents.cpp">
      <Filter>Source Files</Filter>
    </ClCompile>
    <ClCompile Include="WeatherPage.cpp">
      <Filter>Source Files</Filter>
    </ClCompile>
    <ClCompile Include="IEDItem.cpp">
      <Filter>Header Files</Filter>
    </ClCompile>
  </ItemGroup>
  <ItemGroup>
    <ResourceCompile Include="VarroaPop.rc">
      <Filter>Source Files</Filter>
    </ResourceCompile>
    <ResourceCompile Include="VarroaPop1.rc">
      <Filter>Source Files</Filter>
    </ResourceCompile>
    <ResourceCompile Include="VarroaPop2.rc">
      <Filter>Source Files</Filter>
    </ResourceCompile>
  </ItemGroup>
  <ItemGroup>
    <ClInclude Include="accountingvf.h">
      <Filter>Header Files</Filter>
    </ClInclude>
    <ClInclude Include="actionmap.h">
      <Filter>Header Files</Filter>
    </ClInclude>
    <ClInclude Include="actionmapcollection.h">
      <Filter>Header Files</Filter>
    </ClInclude>
    <ClInclude Include="ActionPage.h">
      <Filter>Header Files</Filter>
    </ClInclude>
    <ClInclude Include="Adult.h">
      <Filter>Header Files</Filter>
    </ClInclude>
    <ClInclude Include="axis.h">
      <Filter>Header Files</Filter>
    </ClInclude>
    <ClInclude Include="axiscollection.h">
      <Filter>Header Files</Filter>
    </ClInclude>
    <ClInclude Include="axisstyle.h">
      <Filter>Header Files</Filter>
    </ClInclude>
    <ClInclude Include="bar.h">
      <Filter>Header Files</Filter>
    </ClInclude>
    <ClInclude Include="Bee.h">
      <Filter>Header Files</Filter>
    </ClInclude>
    <ClInclude Include="border.h">
      <Filter>Header Files</Filter>
    </ClInclude>
    <ClInclude Include="Brood.h">
      <Filter>Header Files</Filter>
    </ClInclude>
    <ClInclude Include="bubble.h">
      <Filter>Header Files</Filter>
    </ClInclude>
    <ClInclude Include="candle.h">
      <Filter>Header Files</Filter>
    </ClInclude>
    <ClInclude Include="CellRange.h">
      <Filter>Header Files</Filter>
    </ClInclude>
    <ClInclude Include="chart2d.h">
      <Filter>Header Files</Filter>
    </ClInclude>
    <ClInclude Include="chart2dchecknewpointsresult.h">
      <Filter>Header Files</Filter>
    </ClInclude>
    <ClInclude Include="chart2dcoordresult.h">
      <Filter>Header Files</Filter>
    </ClInclude>
    <ClInclude Include="chart2ddata.h">
      <Filter>Header Files</Filter>
    </ClInclude>
    <ClInclude Include="chart2ddatacoordresult.h">
      <Filter>Header Files</Filter>
    </ClInclude>
    <ClInclude Include="chart2ddataindexresult.h">
      <Filter>Header Files</Filter>
    </ClInclude>
    <ClInclude Include="chartarea.h">
      <Filter>Header Files</Filter>
    </ClInclude>
    <ClInclude Include="chartgroup.h">
      <Filter>Header Files</Filter>
    </ClInclude>
    <ClInclude Include="chartgroupcollection.h">
      <Filter>Header Files</Filter>
    </ClInclude>
    <ClInclude Include="chartlabel.h">
      <Filter>Header Files</Filter>
    </ClInclude>
    <ClInclude Include="chartlabelcollection.h">
      <Filter>Header Files</Filter>
    </ClInclude>
    <ClInclude Include="chartstyle.h">
      <Filter>Header Files</Filter>
    </ClInclude>
    <ClInclude Include="chartstylecollection.h">
      <Filter>Header Files</Filter>
    </ClInclude>
    <ClInclude Include="Colony.h">
      <Filter>Header Files</Filter>
    </ClInclude>
    <ClInclude Include="ColonyDataPage.h">
      <Filter>Header Files</Filter>
    </ClInclude>
    <ClInclude Include="ColonyResource.h">
      <Filter>Header Files</Filter>
    </ClInclude>
    <ClInclude Include="CombRemDlg.h">
      <Filter>Header Files</Filter>
    </ClInclude>
    <ClInclude Include="coord.h">
      <Filter>Header Files</Filter>
    </ClInclude>
    <ClInclude Include="CreateWeatherHdr.h">
      <Filter>Header Files</Filter>
    </ClInclude>
    <ClInclude Include="currencyvf.h">
      <Filter>Header Files</Filter>
    </ClInclude>
    <ClInclude Include="datacoord.h">
      <Filter>Header Files</Filter>
    </ClInclude>
    <ClInclude Include="dataindex.h">
      <Filter>Header Files</Filter>
    </ClInclude>
    <ClInclude Include="DateBasedData.h">
      <Filter>Header Files</Filter>
    </ClInclude>
    <ClInclude Include="DateRangeValues.h">
      <Filter>Header Files</Filter>
    </ClInclude>
    <ClInclude Include="derivedboolean.h">
      <Filter>Header Files</Filter>
    </ClInclude>
    <ClInclude Include="deriveddouble.h">
      <Filter>Header Files</Filter>
    </ClInclude>
    <ClInclude Include="derivedenum.h">
      <Filter>Header Files</Filter>
    </ClInclude>
    <ClInclude Include="derivedlong.h">
      <Filter>Header Files</Filter>
    </ClInclude>
    <ClInclude Include="derivedstring.h">
      <Filter>Header Files</Filter>
    </ClInclude>
    <ClInclude Include="Egg.h">
      <Filter>Header Files</Filter>
    </ClInclude>
    <ClInclude Include="EPAData.h">
      <Filter>Header Files</Filter>
    </ClInclude>
    <ClInclude Include="EPAPage.h">
      <Filter>Header Files</Filter>
    </ClInclude>
    <ClInclude Include="fillstyle.h">
      <Filter>Header Files</Filter>
    </ClInclude>
    <ClInclude Include="font.h">
      <Filter>Header Files</Filter>
    </ClInclude>
    <ClInclude Include="fractionvf.h">
      <Filter>Header Files</Filter>
    </ClInclude>
    <ClInclude Include="GridCell.h">
      <Filter>Header Files</Filter>
    </ClInclude>
    <ClInclude Include="GridCellBase.h">
      <Filter>Header Files</Filter>
    </ClInclude>
    <ClInclude Include="GridCellCheck.h">
      <Filter>Header Files</Filter>
    </ClInclude>
    <ClInclude Include="GridCellCombo.h">
      <Filter>Header Files</Filter>
    </ClInclude>
    <ClInclude Include="GridCellDateTime.h">
      <Filter>Header Files</Filter>
    </ClInclude>
    <ClInclude Include="GridCellNumeric.h">
      <Filter>Header Files</Filter>
    </ClInclude>
    <ClInclude Include="GridCtrl.h">
      <Filter>Header Files</Filter>
    </ClInclude>
    <ClInclude Include="GridDropTarget.h">
      <Filter>Header Files</Filter>
    </ClInclude>
    <ClInclude Include="gridlines.h">
      <Filter>Header Files</Filter>
    </ClInclude>
    <ClInclude Include="hiloopenclose.h">
      <Filter>Header Files</Filter>
    </ClInclude>
    <ClInclude Include="IEDItem.h">
      <Filter>Header Files</Filter>
    </ClInclude>
    <ClInclude Include="image.h">
      <Filter>Header Files</Filter>
    </ClInclude>
    <ClInclude Include="ImmigrationDlg.h">
      <Filter>Header Files</Filter>
    </ClInclude>
    <ClInclude Include="InPlaceEdit.h">
      <Filter>Header Files</Filter>
    </ClInclude>
    <ClInclude Include="interior.h">
      <Filter>Header Files</Filter>
    </ClInclude>
    <ClInclude Include="label.h">
      <Filter>Header Files</Filter>
    </ClInclude>
    <ClInclude Include="labelcollection.h">
      <Filter>Header Files</Filter>
    </ClInclude>
    <ClInclude Include="Larva.h">
      <Filter>Header Files</Filter>
    </ClInclude>
    <ClInclude Include="legend.h">
      <Filter>Header Files</Filter>
    </ClInclude>
    <ClInclude Include="linestyle.h">
      <Filter>Header Files</Filter>
    </ClInclude>
    <ClInclude Include="location.h">
      <Filter>Header Files</Filter>
    </ClInclude>
    <ClInclude Include="MainFrm.h">
      <Filter>Header Files</Filter>
    </ClInclude>
    <ClInclude Include="marker.h">
      <Filter>Header Files</Filter>
    </ClInclude>
    <ClInclude Include="markercollection.h">
      <Filter>Header Files</Filter>
    </ClInclude>
    <ClInclude Include="Matrix.h">
      <Filter>Header Files</Filter>
    </ClInclude>
    <ClInclude Include="MemDC.h">
      <Filter>Header Files</Filter>
    </ClInclude>
    <ClInclude Include="Mite.h">
      <Filter>Header Files</Filter>
    </ClInclude>
    <ClInclude Include="MiteTreatmentItem.h">
      <Filter>Header Files</Filter>
    </ClInclude>
    <ClInclude Include="MiteTreatments.h">
      <Filter>Header Files</Filter>
    </ClInclude>
    <ClInclude Include="MyListCtrl.h">
      <Filter>Header Files</Filter>
    </ClInclude>
    <ClInclude Include="MyPropSheet.h">
      <Filter>Header Files</Filter>
    </ClInclude>
    <ClInclude Include="numbervf.h">
      <Filter>Header Files</Filter>
    </ClInclude>
    <ClInclude Include="NutrientContaminationTable.h">
      <Filter>Header Files</Filter>
    </ClInclude>
    <ClInclude Include="OlectraGraphDlg.h">
      <Filter>Header Files</Filter>
    </ClInclude>
    <ClInclude Include="Options.h">
      <Filter>Header Files</Filter>
    </ClInclude>
    <ClInclude Include="percentagevf.h">
      <Filter>Header Files</Filter>
    </ClInclude>
    <ClInclude Include="PesticideAdd.h">
      <Filter>Header Files</Filter>
    </ClInclude>
    <ClInclude Include="PesticideEvents.h">
      <Filter>Header Files</Filter>
    </ClInclude>
    <ClInclude Include="pie.h">
      <Filter>Header Files</Filter>
    </ClInclude>
    <ClInclude Include="plotarea.h">
      <Filter>Header Files</Filter>
    </ClInclude>
    <ClInclude Include="pointstylecollection.h">
      <Filter>Header Files</Filter>
    </ClInclude>
    <ClInclude Include="polar.h">
      <Filter>Header Files</Filter>
    </ClInclude>
    <ClInclude Include="Queen.h">
      <Filter>Header Files</Filter>
    </ClInclude>
    <ClInclude Include="ResourcePage.h">
      <Filter>Header Files</Filter>
    </ClInclude>
    <ClInclude Include="scientificvf.h">
      <Filter>Header Files</Filter>
    </ClInclude>
    <ClInclude Include="SelGraph.h">
      <Filter>Header Files</Filter>
    </ClInclude>
    <ClInclude Include="SimulationPage.h">
      <Filter>Header Files</Filter>
    </ClInclude>
    <ClInclude Include="slicestyle.h">
      <Filter>Header Files</Filter>
    </ClInclude>
    <ClInclude Include="SpanValue.h">
      <Filter>Header Files</Filter>
    </ClInclude>
    <ClInclude Include="Spores.h">
      <Filter>Header Files</Filter>
    </ClInclude>
    <ClInclude Include="StdAfx.h">
      <Filter>Header Files</Filter>
    </ClInclude>
    <ClInclude Include="stringcollection.h">
      <Filter>Header Files</Filter>
    </ClInclude>
    <ClInclude Include="symbolstyle.h">
      <Filter>Header Files</Filter>
    </ClInclude>
    <ClInclude Include="timescale.h">
      <Filter>Header Files</Filter>
    </ClInclude>
    <ClInclude Include="title.h">
      <Filter>Header Files</Filter>
    </ClInclude>
    <ClInclude Include="TitleTip.h">
      <Filter>Header Files</Filter>
    </ClInclude>
    <ClInclude Include="valueformat.h">
      <Filter>Header Files</Filter>
    </ClInclude>
    <ClInclude Include="valuelabel.h">
      <Filter>Header Files</Filter>
    </ClInclude>
    <ClInclude Include="valuelabelcollection.h">
      <Filter>Header Files</Filter>
    </ClInclude>
    <ClInclude Include="VarroaPop.h">
      <Filter>Header Files</Filter>
    </ClInclude>
    <ClInclude Include="VarroaPopDoc.h">
      <Filter>Header Files</Filter>
    </ClInclude>
    <ClInclude Include="VarroaPopView.h">
      <Filter>Header Files</Filter>
    </ClInclude>
    <ClInclude Include="view3d.h">
      <Filter>Header Files</Filter>
    </ClInclude>
    <ClInclude Include="VPCommandLineInfo.h">
      <Filter>Header Files</Filter>
    </ClInclude>
    <ClInclude Include="WeatherEditor.h">
      <Filter>Header Files</Filter>
    </ClInclude>
    <ClInclude Include="WeatherEvents.h">
      <Filter>Header Files</Filter>
    </ClInclude>
    <ClInclude Include="WeatherPage.h">
      <Filter>Header Files</Filter>
    </ClInclude>
    <ClInclude Include="resource1.h">
      <Filter>Header Files</Filter>
    </ClInclude>
    <ClInclude Include="resource2.h">
      <Filter>Header Files</Filter>
    </ClInclude>
    <ClInclude Include="2DCONST.H">
      <Filter>Header Files</Filter>
    </ClInclude>
  </ItemGroup>
  <ItemGroup>
    <Image Include="bee3.bmp">
      <Filter>Resource Files</Filter>
    </Image>
    <Image Include="Bee4.bmp">
      <Filter>Resource Files</Filter>
    </Image>
    <Image Include="res\bitmap7.bmp">
      <Filter>Resource Files</Filter>
    </Image>
    <Image Include="Res\bitmap8.bmp">
      <Filter>Resource Files</Filter>
    </Image>
    <Image Include="Res\bitmap9.bmp">
      <Filter>Resource Files</Filter>
    </Image>
    <Image Include="cos.bmp">
      <Filter>Resource Files</Filter>
    </Image>
    <Image Include="Res\cos.ico">
      <Filter>Resource Files</Filter>
    </Image>
    <Image Include="COS1.bmp">
      <Filter>Resource Files</Filter>
    </Image>
    <Image Include="exp.bmp">
      <Filter>Resource Files</Filter>
    </Image>
    <Image Include="Exp1.bmp">
      <Filter>Resource Files</Filter>
    </Image>
    <Image Include="Flower.bmp">
      <Filter>Resource Files</Filter>
    </Image>
    <Image Include="Graph1.bmp">
      <Filter>Resource Files</Filter>
    </Image>
    <Image Include="Graph2.bmp">
      <Filter>Resource Files</Filter>
    </Image>
    <Image Include="Graph3.bmp">
      <Filter>Resource Files</Filter>
    </Image>
    <Image Include="Res\ico00001.ico">
      <Filter>Resource Files</Filter>
    </Image>
    <Image Include="Res\icon1.ico">
      <Filter>Resource Files</Filter>
    </Image>
    <Image Include="log.bmp">
      <Filter>Resource Files</Filter>
    </Image>
    <Image Include="Res\log.ico">
      <Filter>Resource Files</Filter>
    </Image>
    <Image Include="LOG1.bmp">
      <Filter>Resource Files</Filter>
    </Image>
    <Image Include="poly.bmp">
      <Filter>Resource Files</Filter>
    </Image>
    <Image Include="Poly1.bmp">
      <Filter>Resource Files</Filter>
    </Image>
    <Image Include="sin.bmp">
      <Filter>Resource Files</Filter>
    </Image>
    <Image Include="Res\sin.ico">
      <Filter>Resource Files</Filter>
    </Image>
    <Image Include="Sin1.bmp">
      <Filter>Resource Files</Filter>
    </Image>
    <Image Include="SinIcon.bmp">
      <Filter>Resource Files</Filter>
    </Image>
    <Image Include="tan.bmp">
      <Filter>Resource Files</Filter>
    </Image>
    <Image Include="Res\tan.ico">
      <Filter>Resource Files</Filter>
    </Image>
    <Image Include="Tan1.bmp">
      <Filter>Resource Files</Filter>
    </Image>
    <Image Include="res\Toolbar.bmp">
      <Filter>Resource Files</Filter>
    </Image>
    <Image Include="Varroa.bmp">
      <Filter>Resource Files</Filter>
    </Image>
    <Image Include="VarroaBanner.bmp">
      <Filter>Resource Files</Filter>
    </Image>
    <Image Include="res\VarroaPop.ico">
      <Filter>Resource Files</Filter>
    </Image>
    <Image Include="varroapop1.bmp">
      <Filter>Resource Files</Filter>
    </Image>
    <Image Include="res\VarroaPopDoc.ico">
      <Filter>Resource Files</Filter>
    </Image>
    <Image Include="Res\weathert.bmp">
      <Filter>Resource Files</Filter>
    </Image>
    <Image Include="res\ico00002.ico">
      <Filter>Resource Files</Filter>
    </Image>
    <Image Include="..\VarroaPop3.2.8.15\RES\VarroaPop.ico">
      <Filter>Resource Files</Filter>
    </Image>
  </ItemGroup>
  <ItemGroup>
    <None Include="res\VarroaPop.rc2">
      <Filter>Resource Files</Filter>
    </None>
    <None Include="hlp\afx_hidd_color.htm">
      <Filter>HTML Help Topics</Filter>
    </None>
    <None Include="hlp\afx_hidd_fileopen.htm">
      <Filter>HTML Help Topics</Filter>
    </None>
    <None Include="hlp\afx_hidd_filesave.htm">
      <Filter>HTML Help Topics</Filter>
    </None>
    <None Include="hlp\afx_hidd_find.htm">
      <Filter>HTML Help Topics</Filter>
    </None>
    <None Include="hlp\afx_hidd_font.htm">
      <Filter>HTML Help Topics</Filter>
    </None>
    <None Include="hlp\afx_hidd_newtypedlg.htm">
      <Filter>HTML Help Topics</Filter>
    </None>
    <None Include="hlp\afx_hidd_print.htm">
      <Filter>HTML Help Topics</Filter>
    </None>
    <None Include="hlp\afx_hidd_printdlg.htm">
      <Filter>HTML Help Topics</Filter>
    </None>
    <None Include="hlp\afx_hidd_printsetup.htm">
      <Filter>HTML Help Topics</Filter>
    </None>
    <None Include="hlp\afx_hidd_replace.htm">
      <Filter>HTML Help Topics</Filter>
    </None>
    <None Include="hlp\afx_hidp_default.htm">
      <Filter>HTML Help Topics</Filter>
    </None>
    <None Include="hlp\afx_hidw_dockbar_top.htm">
      <Filter>HTML Help Topics</Filter>
    </None>
    <None Include="hlp\afx_hidw_preview_bar.htm">
      <Filter>HTML Help Topics</Filter>
    </None>
    <None Include="hlp\afx_hidw_status_bar.htm">
      <Filter>HTML Help Topics</Filter>
    </None>
    <None Include="hlp\afx_hidw_toolbar.htm">
      <Filter>HTML Help Topics</Filter>
    </None>
    <None Include="hlp\hid_app_about.htm">
      <Filter>HTML Help Topics</Filter>
    </None>
    <None Include="hlp\hid_app_exit.htm">
      <Filter>HTML Help Topics</Filter>
    </None>
    <None Include="hlp\hid_context_help.htm">
      <Filter>HTML Help Topics</Filter>
    </None>
    <None Include="hlp\hid_edit_clear.htm">
      <Filter>HTML Help Topics</Filter>
    </None>
    <None Include="hlp\hid_edit_clear_all.htm">
      <Filter>HTML Help Topics</Filter>
    </None>
    <None Include="hlp\hid_edit_copy.htm">
      <Filter>HTML Help Topics</Filter>
    </None>
    <None Include="hlp\hid_edit_cut.htm">
      <Filter>HTML Help Topics</Filter>
    </None>
    <None Include="hlp\hid_edit_find.htm">
      <Filter>HTML Help Topics</Filter>
    </None>
    <None Include="hlp\hid_edit_paste.htm">
      <Filter>HTML Help Topics</Filter>
    </None>
    <None Include="hlp\hid_edit_redo.htm">
      <Filter>HTML Help Topics</Filter>
    </None>
    <None Include="hlp\hid_edit_repeat.htm">
      <Filter>HTML Help Topics</Filter>
    </None>
    <None Include="hlp\hid_edit_replace.htm">
      <Filter>HTML Help Topics</Filter>
    </None>
    <None Include="hlp\hid_edit_undo.htm">
      <Filter>HTML Help Topics</Filter>
    </None>
    <None Include="hlp\hid_file_close.htm">
      <Filter>HTML Help Topics</Filter>
    </None>
    <None Include="hlp\hid_file_mru_file1.htm">
      <Filter>HTML Help Topics</Filter>
    </None>
    <None Include="hlp\hid_file_new.htm">
      <Filter>HTML Help Topics</Filter>
    </None>
    <None Include="hlp\hid_file_open.htm">
      <Filter>HTML Help Topics</Filter>
    </None>
    <None Include="hlp\hid_file_page_setup.htm">
      <Filter>HTML Help Topics</Filter>
    </None>
    <None Include="hlp\hid_file_print.htm">
      <Filter>HTML Help Topics</Filter>
    </None>
    <None Include="hlp\hid_file_print_preview.htm">
      <Filter>HTML Help Topics</Filter>
    </None>
    <None Include="hlp\hid_file_print_setup.htm">
      <Filter>HTML Help Topics</Filter>
    </None>
    <None Include="hlp\hid_file_save.htm">
      <Filter>HTML Help Topics</Filter>
    </None>
    <None Include="hlp\hid_file_save_as.htm">
      <Filter>HTML Help Topics</Filter>
    </None>
    <None Include="hlp\hid_file_send_mail.htm">
      <Filter>HTML Help Topics</Filter>
    </None>
    <None Include="hlp\hid_help_index.htm">
      <Filter>HTML Help Topics</Filter>
    </None>
    <None Include="hlp\hid_help_using.htm">
      <Filter>HTML Help Topics</Filter>
    </None>
    <None Include="hlp\hid_ht_caption.htm">
      <Filter>HTML Help Topics</Filter>
    </None>
    <None Include="hlp\hid_ht_nowhere.htm">
      <Filter>HTML Help Topics</Filter>
    </None>
    <None Include="hlp\hid_next_pane.htm">
      <Filter>HTML Help Topics</Filter>
    </None>
    <None Include="hlp\hid_prev_pane.htm">
      <Filter>HTML Help Topics</Filter>
    </None>
    <None Include="hlp\hid_sc_close.htm">
      <Filter>HTML Help Topics</Filter>
    </None>
    <None Include="hlp\hid_sc_maximize.htm">
      <Filter>HTML Help Topics</Filter>
    </None>
    <None Include="hlp\hid_sc_minimize.htm">
      <Filter>HTML Help Topics</Filter>
    </None>
    <None Include="hlp\hid_sc_move.htm">
      <Filter>HTML Help Topics</Filter>
    </None>
    <None Include="hlp\hid_sc_nextwindow.htm">
      <Filter>HTML Help Topics</Filter>
    </None>
    <None Include="hlp\hid_sc_prevwindow.htm">
      <Filter>HTML Help Topics</Filter>
    </None>
    <None Include="hlp\hid_sc_restore.htm">
      <Filter>HTML Help Topics</Filter>
    </None>
    <None Include="hlp\hid_sc_size.htm">
      <Filter>HTML Help Topics</Filter>
    </None>
    <None Include="hlp\hid_sc_tasklist.htm">
      <Filter>HTML Help Topics</Filter>
    </None>
    <None Include="hlp\hid_view_ruler.htm">
      <Filter>HTML Help Topics</Filter>
    </None>
    <None Include="hlp\hid_view_status_bar.htm">
      <Filter>HTML Help Topics</Filter>
    </None>
    <None Include="hlp\hid_view_toolbar.htm">
      <Filter>HTML Help Topics</Filter>
    </None>
    <None Include="hlp\hid_window_all.htm">
      <Filter>HTML Help Topics</Filter>
    </None>
    <None Include="hlp\hid_window_arrange.htm">
      <Filter>HTML Help Topics</Filter>
    </None>
    <None Include="hlp\hid_window_cascade.htm">
      <Filter>HTML Help Topics</Filter>
    </None>
    <None Include="hlp\hid_window_new.htm">
      <Filter>HTML Help Topics</Filter>
    </None>
    <None Include="hlp\hid_window_split.htm">
      <Filter>HTML Help Topics</Filter>
    </None>
    <None Include="hlp\hid_window_tile.htm">
      <Filter>HTML Help Topics</Filter>
    </None>
    <None Include="hlp\hid_window_tile_horz.htm">
      <Filter>HTML Help Topics</Filter>
    </None>
    <None Include="hlp\hid_window_tile_vert.htm">
      <Filter>HTML Help Topics</Filter>
    </None>
    <None Include="hlp\hidr_doc1type.htm">
      <Filter>HTML Help Topics</Filter>
    </None>
    <None Include="hlp\main_index.htm">
      <Filter>HTML Help Topics</Filter>
    </None>
    <None Include="hlp\menu_edit.htm">
      <Filter>HTML Help Topics</Filter>
    </None>
    <None Include="hlp\menu_file.htm">
      <Filter>HTML Help Topics</Filter>
    </None>
    <None Include="hlp\menu_help.htm">
      <Filter>HTML Help Topics</Filter>
    </None>
    <None Include="hlp\menu_view.htm">
      <Filter>HTML Help Topics</Filter>
    </None>
    <None Include="hlp\menu_window.htm">
      <Filter>HTML Help Topics</Filter>
    </None>
    <None Include="hlp\scrollbars.htm">
      <Filter>HTML Help Topics</Filter>
    </None>
    <None Include="6YrRef.wth" />
    <None Include="6YrRef98.wth" />
    <None Include="ClassDiagram1.cd" />
    <None Include="ClassDiagram2.cd" />
    <None Include="Default.vrp" />
    <None Include="example.col" />
    <None Include="Midwest5Yr.wth" />
    <None Include="SthWest5Yr.wth" />
    <None Include="HLP\VarroaPop.chm" />
    <None Include="VarroaPop.reg" />
  </ItemGroup>
  <ItemGroup>
    <Text Include="Input1.txt" />
    <Text Include="InputFile1.txt" />
    <Text Include="ReadMe.txt" />
  </ItemGroup>
  <ItemGroup>
    <CustomBuild Include="Resource.h">
      <Filter>Header Files</Filter>
    </CustomBuild>
  </ItemGroup>
</Project>